
Microsoft Visual Studio Solution File, Format Version 12.00
# Visual Studio Version 16
VisualStudioVersion = 16.0.34301.259
MinimumVisualStudioVersion = 10.0.40219.1
Project("{8BC9CEB8-8B4A-11D0-8D11-00A0C91BC942}") = "Cards", "Cards.vcxproj", "{F6387866-2EED-4839-8681-EE51E9B92F36}"
EndProject
Project("{8BC9CEB8-8B4A-11D0-8D11-00A0C91BC942}") = "SDK", "SDK\SDK.vcxproj", "{6C9614D2-853D-47AA-9DD6-73A873947983}"
EndProject
Global
	GlobalSection(SolutionConfigurationPlatforms) = preSolution
		Debug|x64 = Debug|x64
		Debug|x86 = Debug|x86
		Release|x64 = Release|x64
		Release|x86 = Release|x86
	EndGlobalSection
	GlobalSection(ProjectConfigurationPlatforms) = postSolution
		{F6387866-2EED-4839-8681-EE51E9B92F36}.Debug|x64.ActiveCfg = Debug|x64
		{F6387866-2EED-4839-8681-EE51E9B92F36}.Debug|x64.Build.0 = Debug|x64
		{F6387866-2EED-4839-8681-EE51E9B92F36}.Debug|x86.ActiveCfg = Debug|Win32
		{F6387866-2EED-4839-8681-EE51E9B92F36}.Debug|x86.Build.0 = Debug|Win32
		{F6387866-2EED-4839-8681-EE51E9B92F36}.Release|x64.ActiveCfg = Release|x64
		{F6387866-2EED-4839-8681-EE51E9B92F36}.Release|x64.Build.0 = Release|x64
		{F6387866-2EED-4839-8681-EE51E9B92F36}.Release|x86.ActiveCfg = Release|Win32
		{F6387866-2EED-4839-8681-EE51E9B92F36}.Release|x86.Build.0 = Release|Win32
		{6C9614D2-853D-47AA-9DD6-73A873947983}.Debug|x64.ActiveCfg = Debug|x64
		{6C9614D2-853D-47AA-9DD6-73A873947983}.Debug|x64.Build.0 = Debug|x64
		{6C9614D2-853D-47AA-9DD6-73A873947983}.Debug|x86.ActiveCfg = Debug|Win32
		{6C9614D2-853D-47AA-9DD6-73A873947983}.Debug|x86.Build.0 = Debug|Win32
		{6C9614D2-853D-47AA-9DD6-73A873947983}.Release|x64.ActiveCfg = Release|x64
		{6C9614D2-853D-47AA-9DD6-73A873947983}.Release|x64.Build.0 = Release|x64
		{6C9614D2-853D-47AA-9DD6-73A873947983}.Release|x86.ActiveCfg = Release|Win32
		{6C9614D2-853D-47AA-9DD6-73A873947983}.Release|x86.Build.0 = Release|Win32
	EndGlobalSection
	GlobalSection(SolutionProperties) = preSolution
		HideSolutionNode = FALSE
	EndGlobalSection
	GlobalSection(ExtensibilityGlobals) = postSolution
		SolutionGuid = {7296255C-9F78-4DBF-A91A-87C53E194D84}
	EndGlobalSection
EndGlobal
